
Microsoft Visual Studio Solution File, Format Version 12.00
# Visual Studio Version 17
VisualStudioVersion = 17.14.36414.22 d17.14
MinimumVisualStudioVersion = 10.0.40219.1
Project("{FAE04EC0-301F-11D3-BF4B-00C04F79EFBC}") = "SharedKernel", "Ramo.SharedKernel\SharedKernel.csproj", "{49A81AEF-6338-4243-A46D-724309B7B6EA}"
EndProject
Global
	GlobalSection(SolutionConfigurationPlatforms) = preSolution
		Debug|Any CPU = Debug|Any CPU
		Release|Any CPU = Release|Any CPU
	EndGlobalSection
	GlobalSection(ProjectConfigurationPlatforms) = postSolution
		{49A81AEF-6338-4243-A46D-724309B7B6EA}.Debug|Any CPU.ActiveCfg = Debug|Any CPU
		{49A81AEF-6338-4243-A46D-724309B7B6EA}.Debug|Any CPU.Build.0 = Debug|Any CPU
		{49A81AEF-6338-4243-A46D-724309B7B6EA}.Release|Any CPU.ActiveCfg = Release|Any CPU
		{49A81AEF-6338-4243-A46D-724309B7B6EA}.Release|Any CPU.Build.0 = Release|Any CPU
	EndGlobalSection
	GlobalSection(SolutionProperties) = preSolution
		HideSolutionNode = FALSE
	EndGlobalSection
	GlobalSection(ExtensibilityGlobals) = postSolution
		SolutionGuid = {F490B094-EFFA-4E4C-9688-1B6B42B9B694}
	EndGlobalSection
EndGlobal
